
Microsoft Visual Studio Solution File, Format Version 12.00
# Visual Studio 15
VisualStudioVersion = 15.0.25914.0
MinimumVisualStudioVersion = 10.0.40219.1
Project("{2150E333-8FDC-42A3-9474-1A3956D46DE8}") = "src", "src", "{EDA50DAD-8A2F-4C09-9F10-783B7A751BA7}"
EndProject
Project("{FAE04EC0-301F-11D3-BF4B-00C04F79EFBC}") = "W2017AD1", "src\W2017AD1\W2017AD1.csproj", "{2451E492-7161-45E9-B1FD-6668597DA906}"
EndProject
Global
	GlobalSection(SolutionConfigurationPlatforms) = preSolution
		Debug|Any CPU = Debug|Any CPU
		Release|Any CPU = Release|Any CPU
	EndGlobalSection
	GlobalSection(ProjectConfigurationPlatforms) = postSolution
		{2451E492-7161-45E9-B1FD-6668597DA906}.Debug|Any CPU.ActiveCfg = Debug|Any CPU
		{2451E492-7161-45E9-B1FD-6668597DA906}.Debug|Any CPU.Build.0 = Debug|Any CPU
		{2451E492-7161-45E9-B1FD-6668597DA906}.Release|Any CPU.ActiveCfg = Release|Any CPU
		{2451E492-7161-45E9-B1FD-6668597DA906}.Release|Any CPU.Build.0 = Release|Any CPU
	EndGlobalSection
	GlobalSection(SolutionProperties) = preSolution
		HideSolutionNode = FALSE
	EndGlobalSection
	GlobalSection(NestedProjects) = preSolution
		{2451E492-7161-45E9-B1FD-6668597DA906} = {EDA50DAD-8A2F-4C09-9F10-783B7A751BA7}
	EndGlobalSection
EndGlobal
